
Microsoft Visual Studio Solution File, Format Version 12.00
# Visual Studio 15
VisualStudioVersion = 15.0.28307.1022
MinimumVisualStudioVersion = 10.0.40219.1
Project("{FAE04EC0-301F-11D3-BF4B-00C04F79EFBC}") = "MainTool-002", "MainTool-002\MainTool-002.csproj", "{DA20646C-FF3E-4F37-916C-18A78D7AB71A}"
EndProject
Global
	GlobalSection(SolutionConfigurationPlatforms) = preSolution
		Debug|Any CPU = Debug|Any CPU
		Release|Any CPU = Release|Any CPU
	EndGlobalSection
	GlobalSection(ProjectConfigurationPlatforms) = postSolution
		{DA20646C-FF3E-4F37-916C-18A78D7AB71A}.Debug|Any CPU.ActiveCfg = Debug|Any CPU
		{DA20646C-FF3E-4F37-916C-18A78D7AB71A}.Debug|Any CPU.Build.0 = Debug|Any CPU
		{DA20646C-FF3E-4F37-916C-18A78D7AB71A}.Release|Any CPU.ActiveCfg = Release|Any CPU
		{DA20646C-FF3E-4F37-916C-18A78D7AB71A}.Release|Any CPU.Build.0 = Release|Any CPU
	EndGlobalSection
	GlobalSection(SolutionProperties) = preSolution
		HideSolutionNode = FALSE
	EndGlobalSection
	GlobalSection(ExtensibilityGlobals) = postSolution
		SolutionGuid = {CF2BE588-BEE5-4C87-9CF7-48712865D1D6}
	EndGlobalSection
EndGlobal
